
Microsoft Visual Studio Solution File, Format Version 12.00
# Visual Studio 15
VisualStudioVersion = 15.0.28307.539
MinimumVisualStudioVersion = 10.0.40219.1
Project("{8BC9CEB8-8B4A-11D0-8D11-00A0C91BC942}") = "ChatRoom", "ChatRoom\ChatRoom.vcxproj", "{2CEFE457-FCB2-4861-B37C-7A33CB6B588A}"
EndProject
Global
	GlobalSection(SolutionConfigurationPlatforms) = preSolution
		Debug|x64 = Debug|x64
		Debug|x86 = Debug|x86
		Release|x64 = Release|x64
		Release|x86 = Release|x86
	EndGlobalSection
	GlobalSection(ProjectConfigurationPlatforms) = postSolution
		{2CEFE457-FCB2-4861-B37C-7A33CB6B588A}.Debug|x64.ActiveCfg = Debug|x64
		{2CEFE457-FCB2-4861-B37C-7A33CB6B588A}.Debug|x64.Build.0 = Debug|x64
		{2CEFE457-FCB2-4861-B37C-7A33CB6B588A}.Debug|x86.ActiveCfg = Debug|Win32
		{2CEFE457-FCB2-4861-B37C-7A33CB6B588A}.Debug|x86.Build.0 = Debug|Win32
		{2CEFE457-FCB2-4861-B37C-7A33CB6B588A}.Release|x64.ActiveCfg = Release|x64
		{2CEFE457-FCB2-4861-B37C-7A33CB6B588A}.Release|x64.Build.0 = Release|x64
		{2CEFE457-FCB2-4861-B37C-7A33CB6B588A}.Release|x86.ActiveCfg = Release|Win32
		{2CEFE457-FCB2-4861-B37C-7A33CB6B588A}.Release|x86.Build.0 = Release|Win32
	EndGlobalSection
	GlobalSection(SolutionProperties) = preSolution
		HideSolutionNode = FALSE
	EndGlobalSection
	GlobalSection(ExtensibilityGlobals) = postSolution
		SolutionGuid = {BA15D0FD-B2B5-4A1C-AE88-B6230A1FE271}
	EndGlobalSection
EndGlobal
