
Microsoft Visual Studio Solution File, Format Version 12.00
# Visual Studio 15
VisualStudioVersion = 15.0.28307.539
MinimumVisualStudioVersion = 10.0.40219.1
Project("{8BC9CEB8-8B4A-11D0-8D11-00A0C91BC942}") = "Clien", "Clien\Clien.vcxproj", "{87878CB7-9080-490B-80BF-4F87CFC56E29}"
EndProject
Global
	GlobalSection(SolutionConfigurationPlatforms) = preSolution
		Debug|x64 = Debug|x64
		Debug|x86 = Debug|x86
		Release|x64 = Release|x64
		Release|x86 = Release|x86
	EndGlobalSection
	GlobalSection(ProjectConfigurationPlatforms) = postSolution
		{87878CB7-9080-490B-80BF-4F87CFC56E29}.Debug|x64.ActiveCfg = Debug|x64
		{87878CB7-9080-490B-80BF-4F87CFC56E29}.Debug|x64.Build.0 = Debug|x64
		{87878CB7-9080-490B-80BF-4F87CFC56E29}.Debug|x86.ActiveCfg = Debug|Win32
		{87878CB7-9080-490B-80BF-4F87CFC56E29}.Debug|x86.Build.0 = Debug|Win32
		{87878CB7-9080-490B-80BF-4F87CFC56E29}.Release|x64.ActiveCfg = Release|x64
		{87878CB7-9080-490B-80BF-4F87CFC56E29}.Release|x64.Build.0 = Release|x64
		{87878CB7-9080-490B-80BF-4F87CFC56E29}.Release|x86.ActiveCfg = Release|Win32
		{87878CB7-9080-490B-80BF-4F87CFC56E29}.Release|x86.Build.0 = Release|Win32
	EndGlobalSection
	GlobalSection(SolutionProperties) = preSolution
		HideSolutionNode = FALSE
	EndGlobalSection
	GlobalSection(ExtensibilityGlobals) = postSolution
		SolutionGuid = {8B94EF6F-4304-4B56-88A3-389345DB93A6}
	EndGlobalSection
EndGlobal
